
Microsoft Visual Studio Solution File, Format Version 12.00
# Visual Studio Version 17
VisualStudioVersion = 17.1.32414.318
MinimumVisualStudioVersion = 10.0.40219.1
Project("{FAE04EC0-301F-11D3-BF4B-00C04F79EFBC}") = "UserQL", "UserQL\UserQL.csproj", "{3226D1A8-B296-47B2-ADEB-3DC5679121C2}"
EndProject
Project("{FAE04EC0-301F-11D3-BF4B-00C04F79EFBC}") = "ProductQL", "ProductQL\ProductQL.csproj", "{9AEC2E62-9BAF-42DC-8CD5-F4D2047F7C8C}"
EndProject
Project("{FAE04EC0-301F-11D3-BF4B-00C04F79EFBC}") = "OrderQL", "OrderQL\OrderQL.csproj", "{754F6843-4657-4403-AC7C-9563CCA5085A}"
EndProject
Project("{FAE04EC0-301F-11D3-BF4B-00C04F79EFBC}") = "OrderProcessor", "OrderProcessor\OrderProcessor.csproj", "{80C987BF-A77B-48FD-A93D-763E84DE5B0C}"
EndProject
Project("{E53339B2-1760-4266-BCC7-CA923CBCF16C}") = "docker-compose", "docker-compose.dcproj", "{E4471241-10BF-4C7A-A927-4CFB4E5C62A4}"
EndProject
Global
	GlobalSection(SolutionConfigurationPlatforms) = preSolution
		Debug|Any CPU = Debug|Any CPU
		Release|Any CPU = Release|Any CPU
	EndGlobalSection
	GlobalSection(ProjectConfigurationPlatforms) = postSolution
		{3226D1A8-B296-47B2-ADEB-3DC5679121C2}.Debug|Any CPU.ActiveCfg = Debug|Any CPU
		{3226D1A8-B296-47B2-ADEB-3DC5679121C2}.Debug|Any CPU.Build.0 = Debug|Any CPU
		{3226D1A8-B296-47B2-ADEB-3DC5679121C2}.Release|Any CPU.ActiveCfg = Release|Any CPU
		{3226D1A8-B296-47B2-ADEB-3DC5679121C2}.Release|Any CPU.Build.0 = Release|Any CPU
		{9AEC2E62-9BAF-42DC-8CD5-F4D2047F7C8C}.Debug|Any CPU.ActiveCfg = Debug|Any CPU
		{9AEC2E62-9BAF-42DC-8CD5-F4D2047F7C8C}.Debug|Any CPU.Build.0 = Debug|Any CPU
		{9AEC2E62-9BAF-42DC-8CD5-F4D2047F7C8C}.Release|Any CPU.ActiveCfg = Release|Any CPU
		{9AEC2E62-9BAF-42DC-8CD5-F4D2047F7C8C}.Release|Any CPU.Build.0 = Release|Any CPU
		{754F6843-4657-4403-AC7C-9563CCA5085A}.Debug|Any CPU.ActiveCfg = Debug|Any CPU
		{754F6843-4657-4403-AC7C-9563CCA5085A}.Debug|Any CPU.Build.0 = Debug|Any CPU
		{754F6843-4657-4403-AC7C-9563CCA5085A}.Release|Any CPU.ActiveCfg = Release|Any CPU
		{754F6843-4657-4403-AC7C-9563CCA5085A}.Release|Any CPU.Build.0 = Release|Any CPU
		{80C987BF-A77B-48FD-A93D-763E84DE5B0C}.Debug|Any CPU.ActiveCfg = Debug|Any CPU
		{80C987BF-A77B-48FD-A93D-763E84DE5B0C}.Debug|Any CPU.Build.0 = Debug|Any CPU
		{80C987BF-A77B-48FD-A93D-763E84DE5B0C}.Release|Any CPU.ActiveCfg = Release|Any CPU
		{80C987BF-A77B-48FD-A93D-763E84DE5B0C}.Release|Any CPU.Build.0 = Release|Any CPU
		{E4471241-10BF-4C7A-A927-4CFB4E5C62A4}.Debug|Any CPU.ActiveCfg = Debug|Any CPU
		{E4471241-10BF-4C7A-A927-4CFB4E5C62A4}.Debug|Any CPU.Build.0 = Debug|Any CPU
		{E4471241-10BF-4C7A-A927-4CFB4E5C62A4}.Release|Any CPU.ActiveCfg = Release|Any CPU
		{E4471241-10BF-4C7A-A927-4CFB4E5C62A4}.Release|Any CPU.Build.0 = Release|Any CPU
	EndGlobalSection
	GlobalSection(SolutionProperties) = preSolution
		HideSolutionNode = FALSE
	EndGlobalSection
	GlobalSection(ExtensibilityGlobals) = postSolution
		SolutionGuid = {1ACEEF9B-702A-4184-8977-574DAF11C004}
	EndGlobalSection
EndGlobal
